{
  "nodes": {
    "devshell": {
      "inputs": {
        "nixpkgs": [
          "nixpkgs"
        ]
      },
      "locked": {
        "lastModified": 1676563786,
        "narHash": "sha256-FfcIbllJO5VAeIkHBRG7nAveWyREEbgKSouTn6+zZ/0=",
        "owner": "mora-unie-youer",
        "repo": "devshell",
        "rev": "209818e282b494e51ae06a88c589518e2015432a",
        "type": "github"
      },
      "original": {
        "owner": "mora-unie-youer",
        "repo": "devshell",
        "type": "github"
      }
    },
    "flake-utils": {
      "locked": {
        "lastModified": 1676283394,
        "narHash": "sha256-XX2f9c3iySLCw54rJ/CZs+ZK6IQy7GXNY4nSOyu2QG4=",
        "owner": "numtide",
        "repo": "flake-utils",
        "rev": "3db36a8b464d0c4532ba1c7dda728f4576d6d073",
        "type": "github"
      },
      "original": {
        "owner": "numtide",
        "repo": "flake-utils",
        "type": "github"
      }
    },
    "nixpkgs": {
      "locked": {
        "lastModified": 1676487294,
        "narHash": "sha256-fbD0tVsowxAUXwfw2C9EdEAH8UEJNsCm0zJcfkJy3Pg=",
        "owner": "NixOS",
        "repo": "nixpkgs",
        "rev": "63b5955814db30d2e2ff7157aaa5665b502ed2f4",
        "type": "github"
      },
      "original": {
        "owner": "NixOS",
        "ref": "nixpkgs-unstable",
        "repo": "nixpkgs",
        "type": "github"
      }
    },
    "root": {
      "inputs": {
        "devshell": "devshell",
        "flake-utils": "flake-utils",
        "nixpkgs": "nixpkgs",
        "rust-overlay": "rust-overlay"
      }
    },
    "rust-overlay": {
      "inputs": {
        "flake-utils": [
          "flake-utils"
        ],
        "nixpkgs": [
          "nixpkgs"
        ]
      },
      "locked": {
        "lastModified": 1676514619,
        "narHash": "sha256-/zVNJdETe/7txiP8NVjAjrAPudLIvjKJWgztuTi75Qw=",
        "owner": "oxalica",
        "repo": "rust-overlay",
        "rev": "3bab7ae4a80de02377005d611dc4b0a13082aa7c",
        "type": "github"
      },
      "original": {
        "owner": "oxalica",
        "repo": "rust-overlay",
        "type": "github"
      }
    }
  },
  "root": "root",
  "version": 7
}
